
Microsoft Visual Studio Solution File, Format Version 12.00
# Visual Studio 2013
VisualStudioVersion = 12.0.30501.0
MinimumVisualStudioVersion = 10.0.40219.1
Project("{FAE04EC0-301F-11D3-BF4B-00C04F79EFBC}") = "FunWithStructures", "FunWithStructures\FunWithStructures.csproj", "{76F895D3-88A6-4CF3-B5F5-81294B092D19}"
EndProject
Project("{FAE04EC0-301F-11D3-BF4B-00C04F79EFBC}") = "FunWithArrays", "..\FunWithArrays\FunWithArrays\FunWithArrays.csproj", "{37EE34A1-5244-40B1-8A05-B040EDE03C79}"
EndProject
Project("{FAE04EC0-301F-11D3-BF4B-00C04F79EFBC}") = "FunWithEnums", "..\FunWithEnums\FunWithEnums\FunWithEnums.csproj", "{8A93AF77-DD5F-4AE5-9FFB-4132944971FC}"
EndProject
Project("{FAE04EC0-301F-11D3-BF4B-00C04F79EFBC}") = "FunWithMethods", "..\FunWithMethods\FunWithMethods\FunWithMethods.csproj", "{F4A9E232-583F-4C52-AC89-DF87457D25F1}"
EndProject
Project("{FAE04EC0-301F-11D3-BF4B-00C04F79EFBC}") = "SimpleClassExample", "SimpleClassExample\SimpleClassExample.csproj", "{51DBE2E2-E04B-4D86-A917-E0EE99CC3823}"
EndProject
Project("{FAE04EC0-301F-11D3-BF4B-00C04F79EFBC}") = "EmployeeApp", "EmployeeApp\EmployeeApp.csproj", "{59F5B3DF-D859-4471-A00C-693AA1DBCD0A}"
EndProject
Project("{FAE04EC0-301F-11D3-BF4B-00C04F79EFBC}") = "AutoProps", "AutoProps\AutoProps.csproj", "{E3FE2842-B423-476A-8AAF-385C96231B1B}"
EndProject
Project("{FAE04EC0-301F-11D3-BF4B-00C04F79EFBC}") = "TestWindowsService", "TestWindowsService\TestWindowsService.csproj", "{18D4BF2D-7905-4E45-8678-92D0E1194B9F}"
EndProject
Project("{FAE04EC0-301F-11D3-BF4B-00C04F79EFBC}") = "ObjectInitializers", "ObjectInitializers\ObjectInitializers.csproj", "{4A648271-B5F5-4050-83D9-8E3759CE2F57}"
EndProject
Project("{FAE04EC0-301F-11D3-BF4B-00C04F79EFBC}") = "BasicInheritance", "BasicInheritance\BasicInheritance.csproj", "{A2803BC2-9A41-4EA4-8B56-1812E52E7E45}"
EndProject
Project("{FAE04EC0-301F-11D3-BF4B-00C04F79EFBC}") = "Employees", "Employees\Employees.csproj", "{8CD1B235-25BA-40B4-983C-7550880355EF}"
EndProject
Project("{FAE04EC0-301F-11D3-BF4B-00C04F79EFBC}") = "Shapes", "Shapes\Shapes.csproj", "{73F8A1A9-8CCA-4675-A46B-EC35196792F8}"
EndProject
Project("{FAE04EC0-301F-11D3-BF4B-00C04F79EFBC}") = "ObjectOverrides", "ObjectOverrides\ObjectOverrides.csproj", "{2884DA46-FC11-46BA-BD00-5C26D801E774}"
EndProject
Project("{FAE04EC0-301F-11D3-BF4B-00C04F79EFBC}") = "SimpleException", "SimpleException\SimpleException.csproj", "{18DC2E43-0AB2-4E09-BC2D-55E34A9605E2}"
EndProject
Project("{FAE04EC0-301F-11D3-BF4B-00C04F79EFBC}") = "CustomException", "CustomException\CustomException.csproj", "{15FECE13-8057-44F1-AB43-67F2282D89EF}"
EndProject
Project("{FAE04EC0-301F-11D3-BF4B-00C04F79EFBC}") = "ProcessMultipleExceptions", "ProcessMultipleExceptions\ProcessMultipleExceptions.csproj", "{A26DA837-3F80-4601-8B75-5055218D0C7C}"
EndProject
Project("{FAE04EC0-301F-11D3-BF4B-00C04F79EFBC}") = "ICloneableExample", "ICloneableExample\ICloneableExample.csproj", "{542702E1-1796-4E58-BC59-A9D50BE14876}"
EndProject
Project("{FAE04EC0-301F-11D3-BF4B-00C04F79EFBC}") = "CustomInterface", "CustomInterface\CustomInterface.csproj", "{7A3DA0C1-56F3-4600-B74B-790FFF012C7B}"
EndProject
Project("{FAE04EC0-301F-11D3-BF4B-00C04F79EFBC}") = "InterfaceNameClash", "InterfaceNameClash\InterfaceNameClash.csproj", "{856C820F-A471-4B09-8F7D-E38A2023F916}"
EndProject
Project("{FAE04EC0-301F-11D3-BF4B-00C04F79EFBC}") = "InterfaceHierarchy", "InterfaceHierarchy\InterfaceHierarchy.csproj", "{B29C2F59-A3D5-49E0-9150-C841B568DA26}"
EndProject
Project("{FAE04EC0-301F-11D3-BF4B-00C04F79EFBC}") = "MIInterfaceHierarchy", "MIInterfaceHierarchy\MIInterfaceHierarchy.csproj", "{E03F8AA0-EF44-4092-B4A1-A89519476FA0}"
EndProject
Project("{FAE04EC0-301F-11D3-BF4B-00C04F79EFBC}") = "CustomEnumerator", "CustomEnumerator\CustomEnumerator.csproj", "{DBB68270-60D8-40BC-AFD0-29BCAA098B33}"
EndProject
Project("{FAE04EC0-301F-11D3-BF4B-00C04F79EFBC}") = "CloneablePoint", "CloneablePoint\CloneablePoint.csproj", "{22F8B401-FC88-4B6F-B0EE-DA8E440B0CD3}"
EndProject
Project("{FAE04EC0-301F-11D3-BF4B-00C04F79EFBC}") = "IssuesWithNonGenericCollections", "IssuesWithNonGenericCollections\IssuesWithNonGenericCollections.csproj", "{82E09E1C-EA22-429B-A920-BC57BE13032D}"
EndProject
Project("{FAE04EC0-301F-11D3-BF4B-00C04F79EFBC}") = "FunWithGenericCollections", "FunWithGenericCollections\FunWithGenericCollections.csproj", "{A7B4431C-3451-4631-98F6-9CD4F1C50D45}"
EndProject
Project("{FAE04EC0-301F-11D3-BF4B-00C04F79EFBC}") = "FunWithObservableCollection", "FunWithObservableCollection\FunWithObservableCollection.csproj", "{06E5C1CE-E805-4A97-8110-D48312CC843A}"
EndProject
Project("{FAE04EC0-301F-11D3-BF4B-00C04F79EFBC}") = "CustomGenericMethods", "CustomGenericMethods\CustomGenericMethods.csproj", "{23ECF069-D8E3-455D-A150-F627A732FD2D}"
EndProject
Project("{FAE04EC0-301F-11D3-BF4B-00C04F79EFBC}") = "GenericPoint", "GenericPoint\GenericPoint.csproj", "{13B648CB-E279-46EC-ACBD-A5453DCDA2A0}"
EndProject
Project("{FAE04EC0-301F-11D3-BF4B-00C04F79EFBC}") = "SimpleDelegate", "SimpleDelegate\SimpleDelegate.csproj", "{04021FE8-53E7-45D5-974F-255A3B306280}"
EndProject
Project("{FAE04EC0-301F-11D3-BF4B-00C04F79EFBC}") = "CarDelegate", "CarDelegate\CarDelegate.csproj", "{FB2258A1-1EFC-485D-BD41-E2A1057FAEC1}"
EndProject
Project("{FAE04EC0-301F-11D3-BF4B-00C04F79EFBC}") = "CarDelegateMethodGroupConversion", "CarDelegateMethodGroupConversion\CarDelegateMethodGroupConversion.csproj", "{DDAE88B9-197B-4678-B1E9-DB7FF967AA0F}"
EndProject
Project("{FAE04EC0-301F-11D3-BF4B-00C04F79EFBC}") = "GenericDelegate", "GenericDelegate\GenericDelegate.csproj", "{0CDC0AC8-8B78-440E-81BF-8F15E6F8457D}"
EndProject
Project("{FAE04EC0-301F-11D3-BF4B-00C04F79EFBC}") = "ActionAndFuncDelegates", "ActionAndFuncDelegates\ActionAndFuncDelegates.csproj", "{EE5F2A78-DB37-4C6B-A89D-85C2AD309E3D}"
EndProject
Project("{FAE04EC0-301F-11D3-BF4B-00C04F79EFBC}") = "CarEvents", "CarEvents\CarEvents.csproj", "{8E5D3991-C524-47A7-8415-25B66785B6E6}"
EndProject
Project("{FAE04EC0-301F-11D3-BF4B-00C04F79EFBC}") = "SimpleLambdaExpressions", "SimpleLambdaExpressions\SimpleLambdaExpressions.csproj", "{9115C37D-402C-46E4-9A17-6E834EAF0031}"
EndProject
Project("{FAE04EC0-301F-11D3-BF4B-00C04F79EFBC}") = "LambdaExpressionsMultipleParams", "LambdaExpressionsMultipleParams\LambdaExpressionsMultipleParams.csproj", "{B4325E06-5F98-4D0E-A09C-5A95BBE0C9B0}"
EndProject
Project("{FAE04EC0-301F-11D3-BF4B-00C04F79EFBC}") = "SimpleIndexer", "SimpleIndexer\SimpleIndexer.csproj", "{D16D2740-36EB-44E2-8C17-F1FFECBE9886}"
EndProject
Project("{FAE04EC0-301F-11D3-BF4B-00C04F79EFBC}") = "XmlReader", "XmlReader\XmlReader.csproj", "{1CC2CD67-7E7E-40F3-8B74-6942A95D403E}"
EndProject
Project("{FAE04EC0-301F-11D3-BF4B-00C04F79EFBC}") = "OverloadedOps", "OverloadedOps\OverloadedOps.csproj", "{2E68C906-2BF5-4B82-8744-FD33793364FF}"
EndProject
Project("{FAE04EC0-301F-11D3-BF4B-00C04F79EFBC}") = "CustomConversions", "CustomConversions\CustomConversions.csproj", "{34FA2A3F-E453-4B5B-AD55-4F94A1795A9B}"
EndProject
Project("{FAE04EC0-301F-11D3-BF4B-00C04F79EFBC}") = "ExtensionMethods", "ExtensionMethods\ExtensionMethods.csproj", "{A81EF52B-B0AC-4150-83F6-8241689FE2FA}"
EndProject
Project("{FAE04EC0-301F-11D3-BF4B-00C04F79EFBC}") = "InterfaceExtensions", "InterfaceExtensions\InterfaceExtensions.csproj", "{E4BB6F05-77B7-4175-9CD3-005579E5148C}"
EndProject
Project("{FAE04EC0-301F-11D3-BF4B-00C04F79EFBC}") = "AnonymousTypes", "AnonymousTypes\AnonymousTypes.csproj", "{53256E77-693E-480A-AAC2-4B87BC1CB3D1}"
EndProject
Project("{FAE04EC0-301F-11D3-BF4B-00C04F79EFBC}") = "LinqOverArray", "LinqOverArray\LinqOverArray.csproj", "{E72FC095-C3C5-4EA1-9E92-621FF4734234}"
EndProject
Project("{FAE04EC0-301F-11D3-BF4B-00C04F79EFBC}") = "LinqRetValues", "LinqRetValues\LinqRetValues.csproj", "{D2207D39-291D-4AD8-A062-4B3C5FE34B8A}"
EndProject
Project("{FAE04EC0-301F-11D3-BF4B-00C04F79EFBC}") = "LinqOverCollections", "LinqOverCollections\LinqOverCollections.csproj", "{F0090687-30C7-43DA-93BE-11D4807D1BE5}"
EndProject
Project("{FAE04EC0-301F-11D3-BF4B-00C04F79EFBC}") = "FunWithLinqExpressions", "FunWithLinqExpressions\FunWithLinqExpressions.csproj", "{CC0B645D-5ED9-4CE9-BCB1-28038D2C15AC}"
EndProject
Project("{FAE04EC0-301F-11D3-BF4B-00C04F79EFBC}") = "LinqUsingEnumerable", "LinqUsingEnumerable\LinqUsingEnumerable.csproj", "{82148A11-9772-45F7-8295-A82FB59F489C}"
EndProject
Project("{FAE04EC0-301F-11D3-BF4B-00C04F79EFBC}") = "SyncDelegateReview", "SyncDelegateReview\SyncDelegateReview.csproj", "{00F364C2-3687-426A-9FF2-B2AE0ACE7F0F}"
EndProject
Project("{FAE04EC0-301F-11D3-BF4B-00C04F79EFBC}") = "AsyncDelegate", "AsyncDelegate\AsyncDelegate.csproj", "{B29BDFBC-2708-4EB7-A543-7D00082B7771}"
EndProject
Project("{FAE04EC0-301F-11D3-BF4B-00C04F79EFBC}") = "AsyncCallbackDelegate", "AsyncCallbackDelegate\AsyncCallbackDelegate.csproj", "{FAFD3751-3E87-4896-B8CA-3C9EF11219D7}"
EndProject
Project("{FAE04EC0-301F-11D3-BF4B-00C04F79EFBC}") = "ThreadStats", "ThreadStats\ThreadStats.csproj", "{450C9211-3B6E-46E8-ADF8-275F0E162218}"
EndProject
Project("{FAE04EC0-301F-11D3-BF4B-00C04F79EFBC}") = "SimpleMultiThreadApp", "SimpleMultiThreadApp\SimpleMultiThreadApp.csproj", "{5B5FFBD5-959A-4667-83B3-91207CB63A06}"
EndProject
Project("{FAE04EC0-301F-11D3-BF4B-00C04F79EFBC}") = "AddWithThreads", "AddWithThreads\AddWithThreads.csproj", "{2DCAC597-4220-4EA4-9775-A5C1D91E4DE3}"
EndProject
Project("{FAE04EC0-301F-11D3-BF4B-00C04F79EFBC}") = "MultiThreadedPrinting", "MultiThreadedPrinting\MultiThreadedPrinting.csproj", "{D6CB079C-7DB0-4851-B1A5-ED78E3EE4464}"
EndProject
Project("{FAE04EC0-301F-11D3-BF4B-00C04F79EFBC}") = "TimerApp", "TimerApp\TimerApp.csproj", "{DDA0ACBB-DFB9-46BA-B4A3-9212ABA30E2D}"
EndProject
Project("{FAE04EC0-301F-11D3-BF4B-00C04F79EFBC}") = "DirectoryApp", "DirectoryApp\DirectoryApp.csproj", "{36EF615F-8882-4B74-8FAD-618D431E09F6}"
EndProject
Project("{FAE04EC0-301F-11D3-BF4B-00C04F79EFBC}") = "FileStreamApp", "FileStreamApp\FileStreamApp.csproj", "{E4B673EF-C17F-4E56-8944-AC7367D4F183}"
EndProject
Project("{FAE04EC0-301F-11D3-BF4B-00C04F79EFBC}") = "StreamWriterReaderApp", "StreamWriterReaderApp\StreamWriterReaderApp.csproj", "{0040E615-AD32-4334-907B-C8AEFD0638A9}"
EndProject
Project("{FAE04EC0-301F-11D3-BF4B-00C04F79EFBC}") = "SimpleSerializable", "SimpleSerializable\SimpleSerializable.csproj", "{A92338A7-A3EB-4115-9909-DEDCF23829E7}"
EndProject
Project("{FAE04EC0-301F-11D3-BF4B-00C04F79EFBC}") = "MyConnectionFactory", "MyConnectionFactory\MyConnectionFactory.csproj", "{29D0EC60-86A1-49BC-9D40-4CB1E52B65CD}"
EndProject
Project("{FAE04EC0-301F-11D3-BF4B-00C04F79EFBC}") = "DataProviderFactory", "DataProviderFactory\DataProviderFactory.csproj", "{2CE18D2B-68DA-49F0-9A11-B33EF0D135DC}"
EndProject
Project("{FAE04EC0-301F-11D3-BF4B-00C04F79EFBC}") = "AutoLotDataReader", "AutoLotDataReader\AutoLotDataReader.csproj", "{E3385E62-2BB8-4EB5-855D-EA0663216D48}"
EndProject
Project("{FAE04EC0-301F-11D3-BF4B-00C04F79EFBC}") = "AutoLotDAL", "AutoLotDAL\AutoLotDAL.csproj", "{ABD774C8-F13B-4092-9B9C-37C63175CD3B}"
EndProject
Project("{FAE04EC0-301F-11D3-BF4B-00C04F79EFBC}") = "AutoLotCUIClient", "AutoLotCUIClient\AutoLotCUIClient.csproj", "{82F56E3F-2DDE-4F7D-917C-FBF4352218F6}"
EndProject
Project("{FAE04EC0-301F-11D3-BF4B-00C04F79EFBC}") = "WindowsFormsDataBinding", "WindowsFormsDataBinding\WindowsFormsDataBinding.csproj", "{7A9E13E8-9DE0-418E-8109-D9F2A56C84DC}"
EndProject
Project("{FAE04EC0-301F-11D3-BF4B-00C04F79EFBC}") = "FillDataSetUsingSqlDataAdapter", "FillDataSetUsingSqlDataAdapter\FillDataSetUsingSqlDataAdapter.csproj", "{F82A05CD-F1B4-477C-B557-659996B6F02D}"
EndProject
Project("{FAE04EC0-301F-11D3-BF4B-00C04F79EFBC}") = "InventoryDALDisconnectedGUI", "InventoryDALDisconnectedGUI\InventoryDALDisconnectedGUI.csproj", "{8DE0FC73-CE82-4C12-8346-78F845F1F891}"
EndProject
Project("{FAE04EC0-301F-11D3-BF4B-00C04F79EFBC}") = "MultitabledDataSetApp", "MultitabledDataSetApp\MultitabledDataSetApp.csproj", "{DEA90011-8F64-44C4-A771-7291D83A3A6A}"
EndProject
Project("{FAE04EC0-301F-11D3-BF4B-00C04F79EFBC}") = "DataGridViewDataDesigner", "DataGridViewDataDesigner\DataGridViewDataDesigner.csproj", "{782E8056-88D5-41D7-9E29-E47327CD16A7}"
EndProject
Project("{FAE04EC0-301F-11D3-BF4B-00C04F79EFBC}") = "InventoryEDMConsoleApp", "InventoryEDMConsoleApp\InventoryEDMConsoleApp.csproj", "{BDD22133-D759-495E-807B-1FDA0A80BF26}"
EndProject
Project("{FAE04EC0-301F-11D3-BF4B-00C04F79EFBC}") = "LinqToXmlFirstLook", "LinqToXmlFirstLook\LinqToXmlFirstLook.csproj", "{3ACEF0DB-A883-4437-8160-659132DED0EA}"
EndProject
Project("{FAE04EC0-301F-11D3-BF4B-00C04F79EFBC}") = "LinqToXmlWinApp", "LinqToXmlWinApp\LinqToXmlWinApp.csproj", "{C40D5CCE-5020-42E1-BA0C-595C9B8ACD6E}"
EndProject
Project("{FAE04EC0-301F-11D3-BF4B-00C04F79EFBC}") = "MagicEightBallServiceLib", "MagicEightBallServiceLib\MagicEightBallServiceLib.csproj", "{7354A261-4B81-4B03-A73E-8532F3D9358C}"
EndProject
Project("{FAE04EC0-301F-11D3-BF4B-00C04F79EFBC}") = "MagicEightBallServiceHost", "MagicEightBallServiceHost\MagicEightBallServiceHost.csproj", "{24DD36B7-2CA4-41B7-948E-0CA77B4216D8}"
EndProject
Project("{FAE04EC0-301F-11D3-BF4B-00C04F79EFBC}") = "MagicEightBallServiceClient", "MagicEightBallServiceClient\MagicEightBallServiceClient.csproj", "{85C1C4DA-23AF-47BC-8D08-CE90F047D371}"
EndProject
Project("{FAE04EC0-301F-11D3-BF4B-00C04F79EFBC}") = "MathServiceLibrary", "MathServiceLibrary\MathServiceLibrary.csproj", "{DFEC419A-6274-4B05-BFB9-A4E6F83B0FDA}"
EndProject
Project("{FAE04EC0-301F-11D3-BF4B-00C04F79EFBC}") = "MathWindowsServiceHost", "MathWindowsServiceHost\MathWindowsServiceHost.csproj", "{EA121F0D-F62F-4259-A060-0941B63FA3F7}"
EndProject
Project("{FAE04EC0-301F-11D3-BF4B-00C04F79EFBC}") = "MathClient", "MathClient\MathClient.csproj", "{131ED2F5-17B4-43FF-8B99-115D8D7EF262}"
EndProject
Global
	GlobalSection(SolutionConfigurationPlatforms) = preSolution
		Debug|Any CPU = Debug|Any CPU
		Release|Any CPU = Release|Any CPU
	EndGlobalSection
	GlobalSection(ProjectConfigurationPlatforms) = postSolution
		{76F895D3-88A6-4CF3-B5F5-81294B092D19}.Debug|Any CPU.ActiveCfg = Debug|Any CPU
		{76F895D3-88A6-4CF3-B5F5-81294B092D19}.Debug|Any CPU.Build.0 = Debug|Any CPU
		{76F895D3-88A6-4CF3-B5F5-81294B092D19}.Release|Any CPU.ActiveCfg = Release|Any CPU
		{76F895D3-88A6-4CF3-B5F5-81294B092D19}.Release|Any CPU.Build.0 = Release|Any CPU
		{37EE34A1-5244-40B1-8A05-B040EDE03C79}.Debug|Any CPU.ActiveCfg = Debug|Any CPU
		{37EE34A1-5244-40B1-8A05-B040EDE03C79}.Debug|Any CPU.Build.0 = Debug|Any CPU
		{37EE34A1-5244-40B1-8A05-B040EDE03C79}.Release|Any CPU.ActiveCfg = Release|Any CPU
		{37EE34A1-5244-40B1-8A05-B040EDE03C79}.Release|Any CPU.Build.0 = Release|Any CPU
		{8A93AF77-DD5F-4AE5-9FFB-4132944971FC}.Debug|Any CPU.ActiveCfg = Debug|Any CPU
		{8A93AF77-DD5F-4AE5-9FFB-4132944971FC}.Debug|Any CPU.Build.0 = Debug|Any CPU
		{8A93AF77-DD5F-4AE5-9FFB-4132944971FC}.Release|Any CPU.ActiveCfg = Release|Any CPU
		{8A93AF77-DD5F-4AE5-9FFB-4132944971FC}.Release|Any CPU.Build.0 = Release|Any CPU
		{F4A9E232-583F-4C52-AC89-DF87457D25F1}.Debug|Any CPU.ActiveCfg = Debug|Any CPU
		{F4A9E232-583F-4C52-AC89-DF87457D25F1}.Debug|Any CPU.Build.0 = Debug|Any CPU
		{F4A9E232-583F-4C52-AC89-DF87457D25F1}.Release|Any CPU.ActiveCfg = Release|Any CPU
		{F4A9E232-583F-4C52-AC89-DF87457D25F1}.Release|Any CPU.Build.0 = Release|Any CPU
		{51DBE2E2-E04B-4D86-A917-E0EE99CC3823}.Debug|Any CPU.ActiveCfg = Debug|Any CPU
		{51DBE2E2-E04B-4D86-A917-E0EE99CC3823}.Debug|Any CPU.Build.0 = Debug|Any CPU
		{51DBE2E2-E04B-4D86-A917-E0EE99CC3823}.Release|Any CPU.ActiveCfg = Release|Any CPU
		{51DBE2E2-E04B-4D86-A917-E0EE99CC3823}.Release|Any CPU.Build.0 = Release|Any CPU
		{59F5B3DF-D859-4471-A00C-693AA1DBCD0A}.Debug|Any CPU.ActiveCfg = Debug|Any CPU
		{59F5B3DF-D859-4471-A00C-693AA1DBCD0A}.Debug|Any CPU.Build.0 = Debug|Any CPU
		{59F5B3DF-D859-4471-A00C-693AA1DBCD0A}.Release|Any CPU.ActiveCfg = Release|Any CPU
		{59F5B3DF-D859-4471-A00C-693AA1DBCD0A}.Release|Any CPU.Build.0 = Release|Any CPU
		{E3FE2842-B423-476A-8AAF-385C96231B1B}.Debug|Any CPU.ActiveCfg = Debug|Any CPU
		{E3FE2842-B423-476A-8AAF-385C96231B1B}.Debug|Any CPU.Build.0 = Debug|Any CPU
		{E3FE2842-B423-476A-8AAF-385C96231B1B}.Release|Any CPU.ActiveCfg = Release|Any CPU
		{E3FE2842-B423-476A-8AAF-385C96231B1B}.Release|Any CPU.Build.0 = Release|Any CPU
		{18D4BF2D-7905-4E45-8678-92D0E1194B9F}.Debug|Any CPU.ActiveCfg = Debug|Any CPU
		{18D4BF2D-7905-4E45-8678-92D0E1194B9F}.Debug|Any CPU.Build.0 = Debug|Any CPU
		{18D4BF2D-7905-4E45-8678-92D0E1194B9F}.Release|Any CPU.ActiveCfg = Release|Any CPU
		{18D4BF2D-7905-4E45-8678-92D0E1194B9F}.Release|Any CPU.Build.0 = Release|Any CPU
		{4A648271-B5F5-4050-83D9-8E3759CE2F57}.Debug|Any CPU.ActiveCfg = Debug|Any CPU
		{4A648271-B5F5-4050-83D9-8E3759CE2F57}.Debug|Any CPU.Build.0 = Debug|Any CPU
		{4A648271-B5F5-4050-83D9-8E3759CE2F57}.Release|Any CPU.ActiveCfg = Release|Any CPU
		{4A648271-B5F5-4050-83D9-8E3759CE2F57}.Release|Any CPU.Build.0 = Release|Any CPU
		{A2803BC2-9A41-4EA4-8B56-1812E52E7E45}.Debug|Any CPU.ActiveCfg = Debug|Any CPU
		{A2803BC2-9A41-4EA4-8B56-1812E52E7E45}.Debug|Any CPU.Build.0 = Debug|Any CPU
		{A2803BC2-9A41-4EA4-8B56-1812E52E7E45}.Release|Any CPU.ActiveCfg = Release|Any CPU
		{A2803BC2-9A41-4EA4-8B56-1812E52E7E45}.Release|Any CPU.Build.0 = Release|Any CPU
		{8CD1B235-25BA-40B4-983C-7550880355EF}.Debug|Any CPU.ActiveCfg = Debug|Any CPU
		{8CD1B235-25BA-40B4-983C-7550880355EF}.Debug|Any CPU.Build.0 = Debug|Any CPU
		{8CD1B235-25BA-40B4-983C-7550880355EF}.Release|Any CPU.ActiveCfg = Release|Any CPU
		{8CD1B235-25BA-40B4-983C-7550880355EF}.Release|Any CPU.Build.0 = Release|Any CPU
		{73F8A1A9-8CCA-4675-A46B-EC35196792F8}.Debug|Any CPU.ActiveCfg = Debug|Any CPU
		{73F8A1A9-8CCA-4675-A46B-EC35196792F8}.Debug|Any CPU.Build.0 = Debug|Any CPU
		{73F8A1A9-8CCA-4675-A46B-EC35196792F8}.Release|Any CPU.ActiveCfg = Release|Any CPU
		{73F8A1A9-8CCA-4675-A46B-EC35196792F8}.Release|Any CPU.Build.0 = Release|Any CPU
		{2884DA46-FC11-46BA-BD00-5C26D801E774}.Debug|Any CPU.ActiveCfg = Debug|Any CPU
		{2884DA46-FC11-46BA-BD00-5C26D801E774}.Debug|Any CPU.Build.0 = Debug|Any CPU
		{2884DA46-FC11-46BA-BD00-5C26D801E774}.Release|Any CPU.ActiveCfg = Release|Any CPU
		{2884DA46-FC11-46BA-BD00-5C26D801E774}.Release|Any CPU.Build.0 = Release|Any CPU
		{18DC2E43-0AB2-4E09-BC2D-55E34A9605E2}.Debug|Any CPU.ActiveCfg = Debug|Any CPU
		{18DC2E43-0AB2-4E09-BC2D-55E34A9605E2}.Debug|Any CPU.Build.0 = Debug|Any CPU
		{18DC2E43-0AB2-4E09-BC2D-55E34A9605E2}.Release|Any CPU.ActiveCfg = Release|Any CPU
		{18DC2E43-0AB2-4E09-BC2D-55E34A9605E2}.Release|Any CPU.Build.0 = Release|Any CPU
		{15FECE13-8057-44F1-AB43-67F2282D89EF}.Debug|Any CPU.ActiveCfg = Debug|Any CPU
		{15FECE13-8057-44F1-AB43-67F2282D89EF}.Debug|Any CPU.Build.0 = Debug|Any CPU
		{15FECE13-8057-44F1-AB43-67F2282D89EF}.Release|Any CPU.ActiveCfg = Release|Any CPU
		{15FECE13-8057-44F1-AB43-67F2282D89EF}.Release|Any CPU.Build.0 = Release|Any CPU
		{A26DA837-3F80-4601-8B75-5055218D0C7C}.Debug|Any CPU.ActiveCfg = Debug|Any CPU
		{A26DA837-3F80-4601-8B75-5055218D0C7C}.Debug|Any CPU.Build.0 = Debug|Any CPU
		{A26DA837-3F80-4601-8B75-5055218D0C7C}.Release|Any CPU.ActiveCfg = Release|Any CPU
		{A26DA837-3F80-4601-8B75-5055218D0C7C}.Release|Any CPU.Build.0 = Release|Any CPU
		{542702E1-1796-4E58-BC59-A9D50BE14876}.Debug|Any CPU.ActiveCfg = Debug|Any CPU
		{542702E1-1796-4E58-BC59-A9D50BE14876}.Debug|Any CPU.Build.0 = Debug|Any CPU
		{542702E1-1796-4E58-BC59-A9D50BE14876}.Release|Any CPU.ActiveCfg = Release|Any CPU
		{542702E1-1796-4E58-BC59-A9D50BE14876}.Release|Any CPU.Build.0 = Release|Any CPU
		{7A3DA0C1-56F3-4600-B74B-790FFF012C7B}.Debug|Any CPU.ActiveCfg = Debug|Any CPU
		{7A3DA0C1-56F3-4600-B74B-790FFF012C7B}.Debug|Any CPU.Build.0 = Debug|Any CPU
		{7A3DA0C1-56F3-4600-B74B-790FFF012C7B}.Release|Any CPU.ActiveCfg = Release|Any CPU
		{7A3DA0C1-56F3-4600-B74B-790FFF012C7B}.Release|Any CPU.Build.0 = Release|Any CPU
		{856C820F-A471-4B09-8F7D-E38A2023F916}.Debug|Any CPU.ActiveCfg = Debug|Any CPU
		{856C820F-A471-4B09-8F7D-E38A2023F916}.Debug|Any CPU.Build.0 = Debug|Any CPU
		{856C820F-A471-4B09-8F7D-E38A2023F916}.Release|Any CPU.ActiveCfg = Release|Any CPU
		{856C820F-A471-4B09-8F7D-E38A2023F916}.Release|Any CPU.Build.0 = Release|Any CPU
		{B29C2F59-A3D5-49E0-9150-C841B568DA26}.Debug|Any CPU.ActiveCfg = Debug|Any CPU
		{B29C2F59-A3D5-49E0-9150-C841B568DA26}.Debug|Any CPU.Build.0 = Debug|Any CPU
		{B29C2F59-A3D5-49E0-9150-C841B568DA26}.Release|Any CPU.ActiveCfg = Release|Any CPU
		{B29C2F59-A3D5-49E0-9150-C841B568DA26}.Release|Any CPU.Build.0 = Release|Any CPU
		{E03F8AA0-EF44-4092-B4A1-A89519476FA0}.Debug|Any CPU.ActiveCfg = Debug|Any CPU
		{E03F8AA0-EF44-4092-B4A1-A89519476FA0}.Debug|Any CPU.Build.0 = Debug|Any CPU
		{E03F8AA0-EF44-4092-B4A1-A89519476FA0}.Release|Any CPU.ActiveCfg = Release|Any CPU
		{E03F8AA0-EF44-4092-B4A1-A89519476FA0}.Release|Any CPU.Build.0 = Release|Any CPU
		{DBB68270-60D8-40BC-AFD0-29BCAA098B33}.Debug|Any CPU.ActiveCfg = Debug|Any CPU
		{DBB68270-60D8-40BC-AFD0-29BCAA098B33}.Debug|Any CPU.Build.0 = Debug|Any CPU
		{DBB68270-60D8-40BC-AFD0-29BCAA098B33}.Release|Any CPU.ActiveCfg = Release|Any CPU
		{DBB68270-60D8-40BC-AFD0-29BCAA098B33}.Release|Any CPU.Build.0 = Release|Any CPU
		{22F8B401-FC88-4B6F-B0EE-DA8E440B0CD3}.Debug|Any CPU.ActiveCfg = Debug|Any CPU
		{22F8B401-FC88-4B6F-B0EE-DA8E440B0CD3}.Debug|Any CPU.Build.0 = Debug|Any CPU
		{22F8B401-FC88-4B6F-B0EE-DA8E440B0CD3}.Release|Any CPU.ActiveCfg = Release|Any CPU
		{22F8B401-FC88-4B6F-B0EE-DA8E440B0CD3}.Release|Any CPU.Build.0 = Release|Any CPU
		{82E09E1C-EA22-429B-A920-BC57BE13032D}.Debug|Any CPU.ActiveCfg = Debug|Any CPU
		{82E09E1C-EA22-429B-A920-BC57BE13032D}.Debug|Any CPU.Build.0 = Debug|Any CPU
		{82E09E1C-EA22-429B-A920-BC57BE13032D}.Release|Any CPU.ActiveCfg = Release|Any CPU
		{82E09E1C-EA22-429B-A920-BC57BE13032D}.Release|Any CPU.Build.0 = Release|Any CPU
		{A7B4431C-3451-4631-98F6-9CD4F1C50D45}.Debug|Any CPU.ActiveCfg = Debug|Any CPU
		{A7B4431C-3451-4631-98F6-9CD4F1C50D45}.Debug|Any CPU.Build.0 = Debug|Any CPU
		{A7B4431C-3451-4631-98F6-9CD4F1C50D45}.Release|Any CPU.ActiveCfg = Release|Any CPU
		{A7B4431C-3451-4631-98F6-9CD4F1C50D45}.Release|Any CPU.Build.0 = Release|Any CPU
		{06E5C1CE-E805-4A97-8110-D48312CC843A}.Debug|Any CPU.ActiveCfg = Debug|Any CPU
		{06E5C1CE-E805-4A97-8110-D48312CC843A}.Debug|Any CPU.Build.0 = Debug|Any CPU
		{06E5C1CE-E805-4A97-8110-D48312CC843A}.Release|Any CPU.ActiveCfg = Release|Any CPU
		{06E5C1CE-E805-4A97-8110-D48312CC843A}.Release|Any CPU.Build.0 = Release|Any CPU
		{23ECF069-D8E3-455D-A150-F627A732FD2D}.Debug|Any CPU.ActiveCfg = Debug|Any CPU
		{23ECF069-D8E3-455D-A150-F627A732FD2D}.Debug|Any CPU.Build.0 = Debug|Any CPU
		{23ECF069-D8E3-455D-A150-F627A732FD2D}.Release|Any CPU.ActiveCfg = Release|Any CPU
		{23ECF069-D8E3-455D-A150-F627A732FD2D}.Release|Any CPU.Build.0 = Release|Any CPU
		{13B648CB-E279-46EC-ACBD-A5453DCDA2A0}.Debug|Any CPU.ActiveCfg = Debug|Any CPU
		{13B648CB-E279-46EC-ACBD-A5453DCDA2A0}.Debug|Any CPU.Build.0 = Debug|Any CPU
		{13B648CB-E279-46EC-ACBD-A5453DCDA2A0}.Release|Any CPU.ActiveCfg = Release|Any CPU
		{13B648CB-E279-46EC-ACBD-A5453DCDA2A0}.Release|Any CPU.Build.0 = Release|Any CPU
		{04021FE8-53E7-45D5-974F-255A3B306280}.Debug|Any CPU.ActiveCfg = Debug|Any CPU
		{04021FE8-53E7-45D5-974F-255A3B306280}.Debug|Any CPU.Build.0 = Debug|Any CPU
		{04021FE8-53E7-45D5-974F-255A3B306280}.Release|Any CPU.ActiveCfg = Release|Any CPU
		{04021FE8-53E7-45D5-974F-255A3B306280}.Release|Any CPU.Build.0 = Release|Any CPU
		{FB2258A1-1EFC-485D-BD41-E2A1057FAEC1}.Debug|Any CPU.ActiveCfg = Debug|Any CPU
		{FB2258A1-1EFC-485D-BD41-E2A1057FAEC1}.Debug|Any CPU.Build.0 = Debug|Any CPU
		{FB2258A1-1EFC-485D-BD41-E2A1057FAEC1}.Release|Any CPU.ActiveCfg = Release|Any CPU
		{FB2258A1-1EFC-485D-BD41-E2A1057FAEC1}.Release|Any CPU.Build.0 = Release|Any CPU
		{DDAE88B9-197B-4678-B1E9-DB7FF967AA0F}.Debug|Any CPU.ActiveCfg = Debug|Any CPU
		{DDAE88B9-197B-4678-B1E9-DB7FF967AA0F}.Debug|Any CPU.Build.0 = Debug|Any CPU
		{DDAE88B9-197B-4678-B1E9-DB7FF967AA0F}.Release|Any CPU.ActiveCfg = Release|Any CPU
		{DDAE88B9-197B-4678-B1E9-DB7FF967AA0F}.Release|Any CPU.Build.0 = Release|Any CPU
		{0CDC0AC8-8B78-440E-81BF-8F15E6F8457D}.Debug|Any CPU.ActiveCfg = Debug|Any CPU
		{0CDC0AC8-8B78-440E-81BF-8F15E6F8457D}.Debug|Any CPU.Build.0 = Debug|Any CPU
		{0CDC0AC8-8B78-440E-81BF-8F15E6F8457D}.Release|Any CPU.ActiveCfg = Release|Any CPU
		{0CDC0AC8-8B78-440E-81BF-8F15E6F8457D}.Release|Any CPU.Build.0 = Release|Any CPU
		{EE5F2A78-DB37-4C6B-A89D-85C2AD309E3D}.Debug|Any CPU.ActiveCfg = Debug|Any CPU
		{EE5F2A78-DB37-4C6B-A89D-85C2AD309E3D}.Debug|Any CPU.Build.0 = Debug|Any CPU
		{EE5F2A78-DB37-4C6B-A89D-85C2AD309E3D}.Release|Any CPU.ActiveCfg = Release|Any CPU
		{EE5F2A78-DB37-4C6B-A89D-85C2AD309E3D}.Release|Any CPU.Build.0 = Release|Any CPU
		{8E5D3991-C524-47A7-8415-25B66785B6E6}.Debug|Any CPU.ActiveCfg = Debug|Any CPU
		{8E5D3991-C524-47A7-8415-25B66785B6E6}.Debug|Any CPU.Build.0 = Debug|Any CPU
		{8E5D3991-C524-47A7-8415-25B66785B6E6}.Release|Any CPU.ActiveCfg = Release|Any CPU
		{8E5D3991-C524-47A7-8415-25B66785B6E6}.Release|Any CPU.Build.0 = Release|Any CPU
		{9115C37D-402C-46E4-9A17-6E834EAF0031}.Debug|Any CPU.ActiveCfg = Debug|Any CPU
		{9115C37D-402C-46E4-9A17-6E834EAF0031}.Debug|Any CPU.Build.0 = Debug|Any CPU
		{9115C37D-402C-46E4-9A17-6E834EAF0031}.Release|Any CPU.ActiveCfg = Release|Any CPU
		{9115C37D-402C-46E4-9A17-6E834EAF0031}.Release|Any CPU.Build.0 = Release|Any CPU
		{B4325E06-5F98-4D0E-A09C-5A95BBE0C9B0}.Debug|Any CPU.ActiveCfg = Debug|Any CPU
		{B4325E06-5F98-4D0E-A09C-5A95BBE0C9B0}.Debug|Any CPU.Build.0 = Debug|Any CPU
		{B4325E06-5F98-4D0E-A09C-5A95BBE0C9B0}.Release|Any CPU.ActiveCfg = Release|Any CPU
		{B4325E06-5F98-4D0E-A09C-5A95BBE0C9B0}.Release|Any CPU.Build.0 = Release|Any CPU
		{D16D2740-36EB-44E2-8C17-F1FFECBE9886}.Debug|Any CPU.ActiveCfg = Debug|Any CPU
		{D16D2740-36EB-44E2-8C17-F1FFECBE9886}.Debug|Any CPU.Build.0 = Debug|Any CPU
		{D16D2740-36EB-44E2-8C17-F1FFECBE9886}.Release|Any CPU.ActiveCfg = Release|Any CPU
		{D16D2740-36EB-44E2-8C17-F1FFECBE9886}.Release|Any CPU.Build.0 = Release|Any CPU
		{1CC2CD67-7E7E-40F3-8B74-6942A95D403E}.Debug|Any CPU.ActiveCfg = Debug|Any CPU
		{1CC2CD67-7E7E-40F3-8B74-6942A95D403E}.Debug|Any CPU.Build.0 = Debug|Any CPU
		{1CC2CD67-7E7E-40F3-8B74-6942A95D403E}.Release|Any CPU.ActiveCfg = Release|Any CPU
		{1CC2CD67-7E7E-40F3-8B74-6942A95D403E}.Release|Any CPU.Build.0 = Release|Any CPU
		{2E68C906-2BF5-4B82-8744-FD33793364FF}.Debug|Any CPU.ActiveCfg = Debug|Any CPU
		{2E68C906-2BF5-4B82-8744-FD33793364FF}.Debug|Any CPU.Build.0 = Debug|Any CPU
		{2E68C906-2BF5-4B82-8744-FD33793364FF}.Release|Any CPU.ActiveCfg = Release|Any CPU
		{2E68C906-2BF5-4B82-8744-FD33793364FF}.Release|Any CPU.Build.0 = Release|Any CPU
		{34FA2A3F-E453-4B5B-AD55-4F94A1795A9B}.Debug|Any CPU.ActiveCfg = Debug|Any CPU
		{34FA2A3F-E453-4B5B-AD55-4F94A1795A9B}.Debug|Any CPU.Build.0 = Debug|Any CPU
		{34FA2A3F-E453-4B5B-AD55-4F94A1795A9B}.Release|Any CPU.ActiveCfg = Release|Any CPU
		{34FA2A3F-E453-4B5B-AD55-4F94A1795A9B}.Release|Any CPU.Build.0 = Release|Any CPU
		{A81EF52B-B0AC-4150-83F6-8241689FE2FA}.Debug|Any CPU.ActiveCfg = Debug|Any CPU
		{A81EF52B-B0AC-4150-83F6-8241689FE2FA}.Debug|Any CPU.Build.0 = Debug|Any CPU
		{A81EF52B-B0AC-4150-83F6-8241689FE2FA}.Release|Any CPU.ActiveCfg = Release|Any CPU
		{A81EF52B-B0AC-4150-83F6-8241689FE2FA}.Release|Any CPU.Build.0 = Release|Any CPU
		{E4BB6F05-77B7-4175-9CD3-005579E5148C}.Debug|Any CPU.ActiveCfg = Debug|Any CPU
		{E4BB6F05-77B7-4175-9CD3-005579E5148C}.Debug|Any CPU.Build.0 = Debug|Any CPU
		{E4BB6F05-77B7-4175-9CD3-005579E5148C}.Release|Any CPU.ActiveCfg = Release|Any CPU
		{E4BB6F05-77B7-4175-9CD3-005579E5148C}.Release|Any CPU.Build.0 = Release|Any CPU
		{53256E77-693E-480A-AAC2-4B87BC1CB3D1}.Debug|Any CPU.ActiveCfg = Debug|Any CPU
		{53256E77-693E-480A-AAC2-4B87BC1CB3D1}.Debug|Any CPU.Build.0 = Debug|Any CPU
		{53256E77-693E-480A-AAC2-4B87BC1CB3D1}.Release|Any CPU.ActiveCfg = Release|Any CPU
		{53256E77-693E-480A-AAC2-4B87BC1CB3D1}.Release|Any CPU.Build.0 = Release|Any CPU
		{E72FC095-C3C5-4EA1-9E92-621FF4734234}.Debug|Any CPU.ActiveCfg = Debug|Any CPU
		{E72FC095-C3C5-4EA1-9E92-621FF4734234}.Debug|Any CPU.Build.0 = Debug|Any CPU
		{E72FC095-C3C5-4EA1-9E92-621FF4734234}.Release|Any CPU.ActiveCfg = Release|Any CPU
		{E72FC095-C3C5-4EA1-9E92-621FF4734234}.Release|Any CPU.Build.0 = Release|Any CPU
		{D2207D39-291D-4AD8-A062-4B3C5FE34B8A}.Debug|Any CPU.ActiveCfg = Debug|Any CPU
		{D2207D39-291D-4AD8-A062-4B3C5FE34B8A}.Debug|Any CPU.Build.0 = Debug|Any CPU
		{D2207D39-291D-4AD8-A062-4B3C5FE34B8A}.Release|Any CPU.ActiveCfg = Release|Any CPU
		{D2207D39-291D-4AD8-A062-4B3C5FE34B8A}.Release|Any CPU.Build.0 = Release|Any CPU
		{F0090687-30C7-43DA-93BE-11D4807D1BE5}.Debug|Any CPU.ActiveCfg = Debug|Any CPU
		{F0090687-30C7-43DA-93BE-11D4807D1BE5}.Debug|Any CPU.Build.0 = Debug|Any CPU
		{F0090687-30C7-43DA-93BE-11D4807D1BE5}.Release|Any CPU.ActiveCfg = Release|Any CPU
		{F0090687-30C7-43DA-93BE-11D4807D1BE5}.Release|Any CPU.Build.0 = Release|Any CPU
		{CC0B645D-5ED9-4CE9-BCB1-28038D2C15AC}.Debug|Any CPU.ActiveCfg = Debug|Any CPU
		{CC0B645D-5ED9-4CE9-BCB1-28038D2C15AC}.Debug|Any CPU.Build.0 = Debug|Any CPU
		{CC0B645D-5ED9-4CE9-BCB1-28038D2C15AC}.Release|Any CPU.ActiveCfg = Release|Any CPU
		{CC0B645D-5ED9-4CE9-BCB1-28038D2C15AC}.Release|Any CPU.Build.0 = Release|Any CPU
		{82148A11-9772-45F7-8295-A82FB59F489C}.Debug|Any CPU.ActiveCfg = Debug|Any CPU
		{82148A11-9772-45F7-8295-A82FB59F489C}.Debug|Any CPU.Build.0 = Debug|Any CPU
		{82148A11-9772-45F7-8295-A82FB59F489C}.Release|Any CPU.ActiveCfg = Release|Any CPU
		{82148A11-9772-45F7-8295-A82FB59F489C}.Release|Any CPU.Build.0 = Release|Any CPU
		{00F364C2-3687-426A-9FF2-B2AE0ACE7F0F}.Debug|Any CPU.ActiveCfg = Debug|Any CPU
		{00F364C2-3687-426A-9FF2-B2AE0ACE7F0F}.Debug|Any CPU.Build.0 = Debug|Any CPU
		{00F364C2-3687-426A-9FF2-B2AE0ACE7F0F}.Release|Any CPU.ActiveCfg = Release|Any CPU
		{00F364C2-3687-426A-9FF2-B2AE0ACE7F0F}.Release|Any CPU.Build.0 = Release|Any CPU
		{B29BDFBC-2708-4EB7-A543-7D00082B7771}.Debug|Any CPU.ActiveCfg = Debug|Any CPU
		{B29BDFBC-2708-4EB7-A543-7D00082B7771}.Debug|Any CPU.Build.0 = Debug|Any CPU
		{B29BDFBC-2708-4EB7-A543-7D00082B7771}.Release|Any CPU.ActiveCfg = Release|Any CPU
		{B29BDFBC-2708-4EB7-A543-7D00082B7771}.Release|Any CPU.Build.0 = Release|Any CPU
		{FAFD3751-3E87-4896-B8CA-3C9EF11219D7}.Debug|Any CPU.ActiveCfg = Debug|Any CPU
		{FAFD3751-3E87-4896-B8CA-3C9EF11219D7}.Debug|Any CPU.Build.0 = Debug|Any CPU
		{FAFD3751-3E87-4896-B8CA-3C9EF11219D7}.Release|Any CPU.ActiveCfg = Release|Any CPU
		{FAFD3751-3E87-4896-B8CA-3C9EF11219D7}.Release|Any CPU.Build.0 = Release|Any CPU
		{450C9211-3B6E-46E8-ADF8-275F0E162218}.Debug|Any CPU.ActiveCfg = Debug|Any CPU
		{450C9211-3B6E-46E8-ADF8-275F0E162218}.Debug|Any CPU.Build.0 = Debug|Any CPU
		{450C9211-3B6E-46E8-ADF8-275F0E162218}.Release|Any CPU.ActiveCfg = Release|Any CPU
		{450C9211-3B6E-46E8-ADF8-275F0E162218}.Release|Any CPU.Build.0 = Release|Any CPU
		{5B5FFBD5-959A-4667-83B3-91207CB63A06}.Debug|Any CPU.ActiveCfg = Debug|Any CPU
		{5B5FFBD5-959A-4667-83B3-91207CB63A06}.Debug|Any CPU.Build.0 = Debug|Any CPU
		{5B5FFBD5-959A-4667-83B3-91207CB63A06}.Release|Any CPU.ActiveCfg = Release|Any CPU
		{5B5FFBD5-959A-4667-83B3-91207CB63A06}.Release|Any CPU.Build.0 = Release|Any CPU
		{2DCAC597-4220-4EA4-9775-A5C1D91E4DE3}.Debug|Any CPU.ActiveCfg = Debug|Any CPU
		{2DCAC597-4220-4EA4-9775-A5C1D91E4DE3}.Debug|Any CPU.Build.0 = Debug|Any CPU
		{2DCAC597-4220-4EA4-9775-A5C1D91E4DE3}.Release|Any CPU.ActiveCfg = Release|Any CPU
		{2DCAC597-4220-4EA4-9775-A5C1D91E4DE3}.Release|Any CPU.Build.0 = Release|Any CPU
		{D6CB079C-7DB0-4851-B1A5-ED78E3EE4464}.Debug|Any CPU.ActiveCfg = Debug|Any CPU
		{D6CB079C-7DB0-4851-B1A5-ED78E3EE4464}.Debug|Any CPU.Build.0 = Debug|Any CPU
		{D6CB079C-7DB0-4851-B1A5-ED78E3EE4464}.Release|Any CPU.ActiveCfg = Release|Any CPU
		{D6CB079C-7DB0-4851-B1A5-ED78E3EE4464}.Release|Any CPU.Build.0 = Release|Any CPU
		{DDA0ACBB-DFB9-46BA-B4A3-9212ABA30E2D}.Debug|Any CPU.ActiveCfg = Debug|Any CPU
		{DDA0ACBB-DFB9-46BA-B4A3-9212ABA30E2D}.Debug|Any CPU.Build.0 = Debug|Any CPU
		{DDA0ACBB-DFB9-46BA-B4A3-9212ABA30E2D}.Release|Any CPU.ActiveCfg = Release|Any CPU
		{DDA0ACBB-DFB9-46BA-B4A3-9212ABA30E2D}.Release|Any CPU.Build.0 = Release|Any CPU
		{36EF615F-8882-4B74-8FAD-618D431E09F6}.Debug|Any CPU.ActiveCfg = Debug|Any CPU
		{36EF615F-8882-4B74-8FAD-618D431E09F6}.Debug|Any CPU.Build.0 = Debug|Any CPU
		{36EF615F-8882-4B74-8FAD-618D431E09F6}.Release|Any CPU.ActiveCfg = Release|Any CPU
		{36EF615F-8882-4B74-8FAD-618D431E09F6}.Release|Any CPU.Build.0 = Release|Any CPU
		{E4B673EF-C17F-4E56-8944-AC7367D4F183}.Debug|Any CPU.ActiveCfg = Debug|Any CPU
		{E4B673EF-C17F-4E56-8944-AC7367D4F183}.Debug|Any CPU.Build.0 = Debug|Any CPU
		{E4B673EF-C17F-4E56-8944-AC7367D4F183}.Release|Any CPU.ActiveCfg = Release|Any CPU
		{E4B673EF-C17F-4E56-8944-AC7367D4F183}.Release|Any CPU.Build.0 = Release|Any CPU
		{0040E615-AD32-4334-907B-C8AEFD0638A9}.Debug|Any CPU.ActiveCfg = Debug|Any CPU
		{0040E615-AD32-4334-907B-C8AEFD0638A9}.Debug|Any CPU.Build.0 = Debug|Any CPU
		{0040E615-AD32-4334-907B-C8AEFD0638A9}.Release|Any CPU.ActiveCfg = Release|Any CPU
		{0040E615-AD32-4334-907B-C8AEFD0638A9}.Release|Any CPU.Build.0 = Release|Any CPU
		{A92338A7-A3EB-4115-9909-DEDCF23829E7}.Debug|Any CPU.ActiveCfg = Debug|Any CPU
		{A92338A7-A3EB-4115-9909-DEDCF23829E7}.Debug|Any CPU.Build.0 = Debug|Any CPU
		{A92338A7-A3EB-4115-9909-DEDCF23829E7}.Release|Any CPU.ActiveCfg = Release|Any CPU
		{A92338A7-A3EB-4115-9909-DEDCF23829E7}.Release|Any CPU.Build.0 = Release|Any CPU
		{29D0EC60-86A1-49BC-9D40-4CB1E52B65CD}.Debug|Any CPU.ActiveCfg = Debug|Any CPU
		{29D0EC60-86A1-49BC-9D40-4CB1E52B65CD}.Debug|Any CPU.Build.0 = Debug|Any CPU
		{29D0EC60-86A1-49BC-9D40-4CB1E52B65CD}.Release|Any CPU.ActiveCfg = Release|Any CPU
		{29D0EC60-86A1-49BC-9D40-4CB1E52B65CD}.Release|Any CPU.Build.0 = Release|Any CPU
		{2CE18D2B-68DA-49F0-9A11-B33EF0D135DC}.Debug|Any CPU.ActiveCfg = Debug|Any CPU
		{2CE18D2B-68DA-49F0-9A11-B33EF0D135DC}.Debug|Any CPU.Build.0 = Debug|Any CPU
		{2CE18D2B-68DA-49F0-9A11-B33EF0D135DC}.Release|Any CPU.ActiveCfg = Release|Any CPU
		{2CE18D2B-68DA-49F0-9A11-B33EF0D135DC}.Release|Any CPU.Build.0 = Release|Any CPU
		{E3385E62-2BB8-4EB5-855D-EA0663216D48}.Debug|Any CPU.ActiveCfg = Debug|Any CPU
		{E3385E62-2BB8-4EB5-855D-EA0663216D48}.Debug|Any CPU.Build.0 = Debug|Any CPU
		{E3385E62-2BB8-4EB5-855D-EA0663216D48}.Release|Any CPU.ActiveCfg = Release|Any CPU
		{E3385E62-2BB8-4EB5-855D-EA0663216D48}.Release|Any CPU.Build.0 = Release|Any CPU
		{ABD774C8-F13B-4092-9B9C-37C63175CD3B}.Debug|Any CPU.ActiveCfg = Debug|Any CPU
		{ABD774C8-F13B-4092-9B9C-37C63175CD3B}.Debug|Any CPU.Build.0 = Debug|Any CPU
		{ABD774C8-F13B-4092-9B9C-37C63175CD3B}.Release|Any CPU.ActiveCfg = Release|Any CPU
		{ABD774C8-F13B-4092-9B9C-37C63175CD3B}.Release|Any CPU.Build.0 = Release|Any CPU
		{82F56E3F-2DDE-4F7D-917C-FBF4352218F6}.Debug|Any CPU.ActiveCfg = Debug|Any CPU
		{82F56E3F-2DDE-4F7D-917C-FBF4352218F6}.Debug|Any CPU.Build.0 = Debug|Any CPU
		{82F56E3F-2DDE-4F7D-917C-FBF4352218F6}.Release|Any CPU.ActiveCfg = Release|Any CPU
		{82F56E3F-2DDE-4F7D-917C-FBF4352218F6}.Release|Any CPU.Build.0 = Release|Any CPU
		{7A9E13E8-9DE0-418E-8109-D9F2A56C84DC}.Debug|Any CPU.ActiveCfg = Debug|Any CPU
		{7A9E13E8-9DE0-418E-8109-D9F2A56C84DC}.Debug|Any CPU.Build.0 = Debug|Any CPU
		{7A9E13E8-9DE0-418E-8109-D9F2A56C84DC}.Release|Any CPU.ActiveCfg = Release|Any CPU
		{7A9E13E8-9DE0-418E-8109-D9F2A56C84DC}.Release|Any CPU.Build.0 = Release|Any CPU
		{F82A05CD-F1B4-477C-B557-659996B6F02D}.Debug|Any CPU.ActiveCfg = Debug|Any CPU
		{F82A05CD-F1B4-477C-B557-659996B6F02D}.Debug|Any CPU.Build.0 = Debug|Any CPU
		{F82A05CD-F1B4-477C-B557-659996B6F02D}.Release|Any CPU.ActiveCfg = Release|Any CPU
		{F82A05CD-F1B4-477C-B557-659996B6F02D}.Release|Any CPU.Build.0 = Release|Any CPU
		{8DE0FC73-CE82-4C12-8346-78F845F1F891}.Debug|Any CPU.ActiveCfg = Debug|Any CPU
		{8DE0FC73-CE82-4C12-8346-78F845F1F891}.Debug|Any CPU.Build.0 = Debug|Any CPU
		{8DE0FC73-CE82-4C12-8346-78F845F1F891}.Release|Any CPU.ActiveCfg = Release|Any CPU
		{8DE0FC73-CE82-4C12-8346-78F845F1F891}.Release|Any CPU.Build.0 = Release|Any CPU
		{DEA90011-8F64-44C4-A771-7291D83A3A6A}.Debug|Any CPU.ActiveCfg = Debug|Any CPU
		{DEA90011-8F64-44C4-A771-7291D83A3A6A}.Debug|Any CPU.Build.0 = Debug|Any CPU
		{DEA90011-8F64-44C4-A771-7291D83A3A6A}.Release|Any CPU.ActiveCfg = Release|Any CPU
		{DEA90011-8F64-44C4-A771-7291D83A3A6A}.Release|Any CPU.Build.0 = Release|Any CPU
		{782E8056-88D5-41D7-9E29-E47327CD16A7}.Debug|Any CPU.ActiveCfg = Debug|Any CPU
		{782E8056-88D5-41D7-9E29-E47327CD16A7}.Debug|Any CPU.Build.0 = Debug|Any CPU
		{782E8056-88D5-41D7-9E29-E47327CD16A7}.Release|Any CPU.ActiveCfg = Release|Any CPU
		{782E8056-88D5-41D7-9E29-E47327CD16A7}.Release|Any CPU.Build.0 = Release|Any CPU
		{BDD22133-D759-495E-807B-1FDA0A80BF26}.Debug|Any CPU.ActiveCfg = Debug|Any CPU
		{BDD22133-D759-495E-807B-1FDA0A80BF26}.Debug|Any CPU.Build.0 = Debug|Any CPU
		{BDD22133-D759-495E-807B-1FDA0A80BF26}.Release|Any CPU.ActiveCfg = Release|Any CPU
		{BDD22133-D759-495E-807B-1FDA0A80BF26}.Release|Any CPU.Build.0 = Release|Any CPU
		{3ACEF0DB-A883-4437-8160-659132DED0EA}.Debug|Any CPU.ActiveCfg = Debug|Any CPU
		{3ACEF0DB-A883-4437-8160-659132DED0EA}.Debug|Any CPU.Build.0 = Debug|Any CPU
		{3ACEF0DB-A883-4437-8160-659132DED0EA}.Release|Any CPU.ActiveCfg = Release|Any CPU
		{3ACEF0DB-A883-4437-8160-659132DED0EA}.Release|Any CPU.Build.0 = Release|Any CPU
		{C40D5CCE-5020-42E1-BA0C-595C9B8ACD6E}.Debug|Any CPU.ActiveCfg = Debug|Any CPU
		{C40D5CCE-5020-42E1-BA0C-595C9B8ACD6E}.Debug|Any CPU.Build.0 = Debug|Any CPU
		{C40D5CCE-5020-42E1-BA0C-595C9B8ACD6E}.Release|Any CPU.ActiveCfg = Release|Any CPU
		{C40D5CCE-5020-42E1-BA0C-595C9B8ACD6E}.Release|Any CPU.Build.0 = Release|Any CPU
		{7354A261-4B81-4B03-A73E-8532F3D9358C}.Debug|Any CPU.ActiveCfg = Debug|Any CPU
		{7354A261-4B81-4B03-A73E-8532F3D9358C}.Debug|Any CPU.Build.0 = Debug|Any CPU
		{7354A261-4B81-4B03-A73E-8532F3D9358C}.Release|Any CPU.ActiveCfg = Release|Any CPU
		{7354A261-4B81-4B03-A73E-8532F3D9358C}.Release|Any CPU.Build.0 = Release|Any CPU
		{24DD36B7-2CA4-41B7-948E-0CA77B4216D8}.Debug|Any CPU.ActiveCfg = Debug|Any CPU
		{24DD36B7-2CA4-41B7-948E-0CA77B4216D8}.Debug|Any CPU.Build.0 = Debug|Any CPU
		{24DD36B7-2CA4-41B7-948E-0CA77B4216D8}.Release|Any CPU.ActiveCfg = Release|Any CPU
		{24DD36B7-2CA4-41B7-948E-0CA77B4216D8}.Release|Any CPU.Build.0 = Release|Any CPU
		{85C1C4DA-23AF-47BC-8D08-CE90F047D371}.Debug|Any CPU.ActiveCfg = Debug|Any CPU
		{85C1C4DA-23AF-47BC-8D08-CE90F047D371}.Debug|Any CPU.Build.0 = Debug|Any CPU
		{85C1C4DA-23AF-47BC-8D08-CE90F047D371}.Release|Any CPU.ActiveCfg = Release|Any CPU
		{85C1C4DA-23AF-47BC-8D08-CE90F047D371}.Release|Any CPU.Build.0 = Release|Any CPU
		{DFEC419A-6274-4B05-BFB9-A4E6F83B0FDA}.Debug|Any CPU.ActiveCfg = Debug|Any CPU
		{DFEC419A-6274-4B05-BFB9-A4E6F83B0FDA}.Debug|Any CPU.Build.0 = Debug|Any CPU
		{DFEC419A-6274-4B05-BFB9-A4E6F83B0FDA}.Release|Any CPU.ActiveCfg = Release|Any CPU
		{DFEC419A-6274-4B05-BFB9-A4E6F83B0FDA}.Release|Any CPU.Build.0 = Release|Any CPU
		{EA121F0D-F62F-4259-A060-0941B63FA3F7}.Debug|Any CPU.ActiveCfg = Debug|Any CPU
		{EA121F0D-F62F-4259-A060-0941B63FA3F7}.Debug|Any CPU.Build.0 = Debug|Any CPU
		{EA121F0D-F62F-4259-A060-0941B63FA3F7}.Release|Any CPU.ActiveCfg = Release|Any CPU
		{EA121F0D-F62F-4259-A060-0941B63FA3F7}.Release|Any CPU.Build.0 = Release|Any CPU
		{131ED2F5-17B4-43FF-8B99-115D8D7EF262}.Debug|Any CPU.ActiveCfg = Debug|Any CPU
		{131ED2F5-17B4-43FF-8B99-115D8D7EF262}.Debug|Any CPU.Build.0 = Debug|Any CPU
		{131ED2F5-17B4-43FF-8B99-115D8D7EF262}.Release|Any CPU.ActiveCfg = Release|Any CPU
		{131ED2F5-17B4-43FF-8B99-115D8D7EF262}.Release|Any CPU.Build.0 = Release|Any CPU
	EndGlobalSection
	GlobalSection(SolutionProperties) = preSolution
		HideSolutionNode = FALSE
	EndGlobalSection
EndGlobal
